
Microsoft Visual Studio Solution File, Format Version 12.00
# Visual Studio 14
VisualStudioVersion = 14.0.25123.0
MinimumVisualStudioVersion = 10.0.40219.1
Project("{888888A0-9F3D-457C-B088-3A5042F75D52}") = "raptor.app", "raptor.app\raptor.app.pyproj", "{99F0389E-9119-42C8-ABC3-0504354EE598}"
EndProject
Project("{2150E333-8FDC-42A3-9474-1A3956D46DE8}") = "docs", "docs", "{7F6F7305-A5DB-490D-A1D9-FD3A61952D91}"
	ProjectSection(SolutionItems) = preProject
		Docs\icon.metrop = Docs\icon.metrop
		Docs\icon.png = Docs\icon.png
		Docs\icon.svg = Docs\icon.svg
	EndProjectSection
EndProject
Project("{2150E333-8FDC-42A3-9474-1A3956D46DE8}") = "Solution Items", "Solution Items", "{9CA9DDB2-D7EC-4888-8D35-733BE4AC266B}"
	ProjectSection(SolutionItems) = preProject
		README.md = README.md
		UPS.md = UPS.md
	EndProjectSection
EndProject
Project("{2150E333-8FDC-42A3-9474-1A3956D46DE8}") = "raptor.ups", "raptor.ups", "{D0B13D73-EC5A-4847-BAEF-0E1F354957AF}"
	ProjectSection(SolutionItems) = preProject
		raptor.ups\_saved_raptor.sch = raptor.ups\_saved_raptor.sch
		raptor.ups\raptor-cache.lib = raptor.ups\raptor-cache.lib
		raptor.ups\raptor.bak = raptor.ups\raptor.bak
		raptor.ups\raptor.bck = raptor.ups\raptor.bck
		raptor.ups\raptor.dcm = raptor.ups\raptor.dcm
		raptor.ups\raptor.kicad_pcb = raptor.ups\raptor.kicad_pcb
		raptor.ups\raptor.lib = raptor.ups\raptor.lib
		raptor.ups\raptor.net = raptor.ups\raptor.net
		raptor.ups\raptor.pro = raptor.ups\raptor.pro
		raptor.ups\raptor.sch = raptor.ups\raptor.sch
	EndProjectSection
EndProject
Project("{2150E333-8FDC-42A3-9474-1A3956D46DE8}") = "docs", "docs", "{9C4CD966-6E55-418F-8568-BC7A1ACFED85}"
	ProjectSection(SolutionItems) = preProject
		raptor.ups\docs\GPV-20-spec-PL-R4.pdf = raptor.ups\docs\GPV-20-spec-PL-R4.pdf
	EndProjectSection
EndProject
Project("{2150E333-8FDC-42A3-9474-1A3956D46DE8}") = "images", "images", "{CF94BE9E-1ECD-44F2-BC5D-3378DFCEAABF}"
EndProject
Project("{2150E333-8FDC-42A3-9474-1A3956D46DE8}") = "ups", "ups", "{233AA675-2B9D-45F0-8A35-16C7E4CAF245}"
	ProjectSection(SolutionItems) = preProject
		images\ups\001.jpg = images\ups\001.jpg
		images\ups\002.jpg = images\ups\002.jpg
		images\ups\003.jpg = images\ups\003.jpg
		images\ups\004.jpg = images\ups\004.jpg
		images\ups\005.jpg = images\ups\005.jpg
		images\ups\006.jpg = images\ups\006.jpg
		images\ups\007.jpg = images\ups\007.jpg
		images\ups\008.jpg = images\ups\008.jpg
		images\ups\009.jpg = images\ups\009.jpg
		images\ups\010.jpg = images\ups\010.jpg
		images\ups\011.jpg = images\ups\011.jpg
		images\ups\012.jpg = images\ups\012.jpg
		images\ups\013.jpg = images\ups\013.jpg
		images\ups\014.jpg = images\ups\014.jpg
	EndProjectSection
EndProject
Global
	GlobalSection(SolutionConfigurationPlatforms) = preSolution
		Debug|Any CPU = Debug|Any CPU
		Release|Any CPU = Release|Any CPU
	EndGlobalSection
	GlobalSection(ProjectConfigurationPlatforms) = postSolution
		{99F0389E-9119-42C8-ABC3-0504354EE598}.Debug|Any CPU.ActiveCfg = Debug|Any CPU
		{99F0389E-9119-42C8-ABC3-0504354EE598}.Release|Any CPU.ActiveCfg = Release|Any CPU
	EndGlobalSection
	GlobalSection(SolutionProperties) = preSolution
		HideSolutionNode = FALSE
	EndGlobalSection
	GlobalSection(NestedProjects) = preSolution
		{9C4CD966-6E55-418F-8568-BC7A1ACFED85} = {D0B13D73-EC5A-4847-BAEF-0E1F354957AF}
		{233AA675-2B9D-45F0-8A35-16C7E4CAF245} = {CF94BE9E-1ECD-44F2-BC5D-3378DFCEAABF}
	EndGlobalSection
EndGlobal
