
Microsoft Visual Studio Solution File, Format Version 12.00
# Visual Studio 14
VisualStudioVersion = 14.0.25123.0
MinimumVisualStudioVersion = 10.0.40219.1
Project("{888888A0-9F3D-457C-B088-3A5042F75D52}") = "raptor.app", "raptor.app\raptor.app.pyproj", "{99F0389E-9119-42C8-ABC3-0504354EE598}"
EndProject
Project("{2150E333-8FDC-42A3-9474-1A3956D46DE8}") = "Docs", "Docs", "{7F6F7305-A5DB-490D-A1D9-FD3A61952D91}"
	ProjectSection(SolutionItems) = preProject
		Docs\icon.metrop = Docs\icon.metrop
		Docs\icon.png = Docs\icon.png
		Docs\icon.svg = Docs\icon.svg
	EndProjectSection
EndProject
Project("{2150E333-8FDC-42A3-9474-1A3956D46DE8}") = "Solution Items", "Solution Items", "{9CA9DDB2-D7EC-4888-8D35-733BE4AC266B}"
	ProjectSection(SolutionItems) = preProject
		README.md = README.md
	EndProjectSection
EndProject
Project("{2150E333-8FDC-42A3-9474-1A3956D46DE8}") = "raptor.ups", "raptor.ups", "{D0B13D73-EC5A-4847-BAEF-0E1F354957AF}"
	ProjectSection(SolutionItems) = preProject
		raptor.ups\raptor-cache.lib = raptor.ups\raptor-cache.lib
		raptor.ups\raptor.bak = raptor.ups\raptor.bak
		raptor.ups\raptor.dcm = raptor.ups\raptor.dcm
		raptor.ups\raptor.kicad_pcb = raptor.ups\raptor.kicad_pcb
		raptor.ups\raptor.lib = raptor.ups\raptor.lib
		raptor.ups\raptor.pro = raptor.ups\raptor.pro
		raptor.ups\raptor.sch = raptor.ups\raptor.sch
	EndProjectSection
EndProject
Project("{2150E333-8FDC-42A3-9474-1A3956D46DE8}") = "docs", "docs", "{9C4CD966-6E55-418F-8568-BC7A1ACFED85}"
	ProjectSection(SolutionItems) = preProject
		raptor.ups\docs\GPV-20-spec-PL-R4.pdf = raptor.ups\docs\GPV-20-spec-PL-R4.pdf
	EndProjectSection
EndProject
Global
	GlobalSection(SolutionConfigurationPlatforms) = preSolution
		Debug|Any CPU = Debug|Any CPU
		Release|Any CPU = Release|Any CPU
	EndGlobalSection
	GlobalSection(ProjectConfigurationPlatforms) = postSolution
		{99F0389E-9119-42C8-ABC3-0504354EE598}.Debug|Any CPU.ActiveCfg = Debug|Any CPU
		{99F0389E-9119-42C8-ABC3-0504354EE598}.Release|Any CPU.ActiveCfg = Release|Any CPU
	EndGlobalSection
	GlobalSection(SolutionProperties) = preSolution
		HideSolutionNode = FALSE
	EndGlobalSection
	GlobalSection(NestedProjects) = preSolution
		{9C4CD966-6E55-418F-8568-BC7A1ACFED85} = {D0B13D73-EC5A-4847-BAEF-0E1F354957AF}
	EndGlobalSection
EndGlobal
